// !$*UTF8*$!
{
	archiveVersion = 1;
	classes = {
	};
	objectVersion = 46;
	objects = {

/* Begin PBXBuildFile section */
		4110548F1A85C1570092DCBD /* AVFoundation.framework in Frameworks */ = {isa = PBXBuildFile; fileRef = 4110548E1A85C1570092DCBD /* AVFoundation.framework */; };
		411054911A85C1700092DCBD /* Foundation.framework in Frameworks */ = {isa = PBXBuildFile; fileRef = 411054901A85C1700092DCBD /* Foundation.framework */; };
		411054941A85C6DA0092DCBD /* GameInfo.m in Sources */ = {isa = PBXBuildFile; fileRef = 411054931A85C6DA0092DCBD /* GameInfo.m */; };
		411054971A85C7280092DCBD /* DrawLine.m in Sources */ = {isa = PBXBuildFile; fileRef = 411054961A85C7280092DCBD /* DrawLine.m */; };
		4110549A1A85FDF30092DCBD /* XandOimage.m in Sources */ = {isa = PBXBuildFile; fileRef = 411054991A85FDF30092DCBD /* XandOimage.m */; };
		411054A71A868FD80092DCBD /* begin_drag.wav in Resources */ = {isa = PBXBuildFile; fileRef = 411054A31A868FD80092DCBD /* begin_drag.wav */; };
		411054A81A868FD80092DCBD /* fit_in.wav in Resources */ = {isa = PBXBuildFile; fileRef = 411054A41A868FD80092DCBD /* fit_in.wav */; };
		411054A91A868FD80092DCBD /* full.wav in Resources */ = {isa = PBXBuildFile; fileRef = 411054A51A868FD80092DCBD /* full.wav */; };
		411054AA1A868FD80092DCBD /* win.wav in Resources */ = {isa = PBXBuildFile; fileRef = 411054A61A868FD80092DCBD /* win.wav */; };
		4190D7561A854164000CD7F0 /* main.m in Sources */ = {isa = PBXBuildFile; fileRef = 4190D7551A854164000CD7F0 /* main.m */; };
		4190D7591A854164000CD7F0 /* AppDelegate.m in Sources */ = {isa = PBXBuildFile; fileRef = 4190D7581A854164000CD7F0 /* AppDelegate.m */; };
		4190D75C1A854164000CD7F0 /* ViewController.m in Sources */ = {isa = PBXBuildFile; fileRef = 4190D75B1A854164000CD7F0 /* ViewController.m */; };
		4190D75F1A854164000CD7F0 /* Main.storyboard in Resources */ = {isa = PBXBuildFile; fileRef = 4190D75D1A854164000CD7F0 /* Main.storyboard */; };
		4190D7611A854164000CD7F0 /* Images.xcassets in Resources */ = {isa = PBXBuildFile; fileRef = 4190D7601A854164000CD7F0 /* Images.xcassets */; };
		4190D7641A854164000CD7F0 /* LaunchScreen.xib in Resources */ = {isa = PBXBuildFile; fileRef = 4190D7621A854164000CD7F0 /* LaunchScreen.xib */; };
		4190D7701A854164000CD7F0 /* tic_tac_snowTests.m in Sources */ = {isa = PBXBuildFile; fileRef = 4190D76F1A854164000CD7F0 /* tic_tac_snowTests.m */; };
		4190D77C1A855014000CD7F0 /* circle.png in Resources */ = {isa = PBXBuildFile; fileRef = 4190D77B1A855014000CD7F0 /* circle.png */; };
		4190D77E1A855023000CD7F0 /* X.png in Resources */ = {isa = PBXBuildFile; fileRef = 4190D77D1A855023000CD7F0 /* X.png */; };
/* End PBXBuildFile section */

/* Begin PBXContainerItemProxy section */
		4190D76A1A854164000CD7F0 /* PBXContainerItemProxy */ = {
			isa = PBXContainerItemProxy;
			containerPortal = 4190D7481A854164000CD7F0 /* Project object */;
			proxyType = 1;
			remoteGlobalIDString = 4190D74F1A854164000CD7F0;
			remoteInfo = "tic tac snow";
		};
/* End PBXContainerItemProxy section */

/* Begin PBXFileReference section */
		4110548E1A85C1570092DCBD /* AVFoundation.framework */ = {isa = PBXFileReference; lastKnownFileType = wrapper.framework; name = AVFoundation.framework; path = System/Library/Frameworks/AVFoundation.framework; sourceTree = SDKROOT; };
		411054901A85C1700092DCBD /* Foundation.framework */ = {isa = PBXFileReference; lastKnownFileType = wrapper.framework; name = Foundation.framework; path = System/Library/Frameworks/Foundation.framework; sourceTree = SDKROOT; };
		411054921A85C6DA0092DCBD /* GameInfo.h */ = {isa = PBXFileReference; fileEncoding = 4; lastKnownFileType = sourcecode.c.h; path = GameInfo.h; sourceTree = "<group>"; };
		411054931A85C6DA0092DCBD /* GameInfo.m */ = {isa = PBXFileReference; fileEncoding = 4; lastKnownFileType = sourcecode.c.objc; path = GameInfo.m; sourceTree = "<group>"; };
		411054951A85C7280092DCBD /* DrawLine.h */ = {isa = PBXFileReference; fileEncoding = 4; lastKnownFileType = sourcecode.c.h; path = DrawLine.h; sourceTree = "<group>"; };
		411054961A85C7280092DCBD /* DrawLine.m */ = {isa = PBXFileReference; fileEncoding = 4; lastKnownFileType = sourcecode.c.objc; path = DrawLine.m; sourceTree = "<group>"; };
		411054981A85FDF30092DCBD /* XandOimage.h */ = {isa = PBXFileReference; fileEncoding = 4; lastKnownFileType = sourcecode.c.h; path = XandOimage.h; sourceTree = "<group>"; };
		411054991A85FDF30092DCBD /* XandOimage.m */ = {isa = PBXFileReference; fileEncoding = 4; lastKnownFileType = sourcecode.c.objc; path = XandOimage.m; sourceTree = "<group>"; };
		411054A31A868FD80092DCBD /* begin_drag.wav */ = {isa = PBXFileReference; lastKnownFileType = audio.wav; path = begin_drag.wav; sourceTree = "<group>"; };
		411054A41A868FD80092DCBD /* fit_in.wav */ = {isa = PBXFileReference; lastKnownFileType = audio.wav; path = fit_in.wav; sourceTree = "<group>"; };
		411054A51A868FD80092DCBD /* full.wav */ = {isa = PBXFileReference; lastKnownFileType = audio.wav; path = full.wav; sourceTree = "<group>"; };
		411054A61A868FD80092DCBD /* win.wav */ = {isa = PBXFileReference; lastKnownFileType = audio.wav; path = win.wav; sourceTree = "<group>"; };
		4190D7501A854164000CD7F0 /* tic tac snow.app */ = {isa = PBXFileReference; explicitFileType = wrapper.application; includeInIndex = 0; path = "tic tac snow.app"; sourceTree = BUILT_PRODUCTS_DIR; };
		4190D7541A854164000CD7F0 /* Info.plist */ = {isa = PBXFileReference; lastKnownFileType = text.plist.xml; path = Info.plist; sourceTree = "<group>"; };
		4190D7551A854164000CD7F0 /* main.m */ = {isa = PBXFileReference; lastKnownFileType = sourcecode.c.objc; path = main.m; sourceTree = "<group>"; };
		4190D7571A854164000CD7F0 /* AppDelegate.h */ = {isa = PBXFileReference; lastKnownFileType = sourcecode.c.h; path = AppDelegate.h; sourceTree = "<group>"; };
		4190D7581A854164000CD7F0 /* AppDelegate.m */ = {isa = PBXFileReference; lastKnownFileType = sourcecode.c.objc; path = AppDelegate.m; sourceTree = "<group>"; };
		4190D75A1A854164000CD7F0 /* ViewController.h */ = {isa = PBXFileReference; lastKnownFileType = sourcecode.c.h; path = ViewController.h; sourceTree = "<group>"; };
		4190D75B1A854164000CD7F0 /* ViewController.m */ = {isa = PBXFileReference; lastKnownFileType = sourcecode.c.objc; path = ViewController.m; sourceTree = "<group>"; };
		4190D75E1A854164000CD7F0 /* Base */ = {isa = PBXFileReference; lastKnownFileType = file.storyboard; name = Base; path = Base.lproj/Main.storyboard; sourceTree = "<group>"; };
		4190D7601A854164000CD7F0 /* Images.xcassets */ = {isa = PBXFileReference; lastKnownFileType = folder.assetcatalog; path = Images.xcassets; sourceTree = "<group>"; };
		4190D7631A854164000CD7F0 /* Base */ = {isa = PBXFileReference; lastKnownFileType = file.xib; name = Base; path = Base.lproj/LaunchScreen.xib; sourceTree = "<group>"; };
		4190D7691A854164000CD7F0 /* tic tac snowTests.xctest */ = {isa = PBXFileReference; explicitFileType = wrapper.cfbundle; includeInIndex = 0; path = "tic tac snowTests.xctest"; sourceTree = BUILT_PRODUCTS_DIR; };
		4190D76E1A854164000CD7F0 /* Info.plist */ = {isa = PBXFileReference; lastKnownFileType = text.plist.xml; path = Info.plist; sourceTree = "<group>"; };
		4190D76F1A854164000CD7F0 /* tic_tac_snowTests.m */ = {isa = PBXFileReference; lastKnownFileType = sourcecode.c.objc; path = tic_tac_snowTests.m; sourceTree = "<group>"; };
		4190D77B1A855014000CD7F0 /* circle.png */ = {isa = PBXFileReference; lastKnownFileType = image.png; path = circle.png; sourceTree = "<group>"; };
		4190D77D1A855023000CD7F0 /* X.png */ = {isa = PBXFileReference; lastKnownFileType = image.png; path = X.png; sourceTree = "<group>"; };
/* End PBXFileReference section */

/* Begin PBXFrameworksBuildPhase section */
		4190D74D1A854164000CD7F0 /* Frameworks */ = {
			isa = PBXFrameworksBuildPhase;
			buildActionMask = 2147483647;
			files = (
				411054911A85C1700092DCBD /* Foundation.framework in Frameworks */,
				4110548F1A85C1570092DCBD /* AVFoundation.framework in Frameworks */,
			);
			runOnlyForDeploymentPostprocessing = 0;
		};
		4190D7661A854164000CD7F0 /* Frameworks */ = {
			isa = PBXFrameworksBuildPhase;
			buildActionMask = 2147483647;
			files = (
			);
			runOnlyForDeploymentPostprocessing = 0;
		};
/* End PBXFrameworksBuildPhase section */

/* Begin PBXGroup section */
		4190D7471A854164000CD7F0 = {
			isa = PBXGroup;
			children = (
				411054901A85C1700092DCBD /* Foundation.framework */,
				4110548E1A85C1570092DCBD /* AVFoundation.framework */,
				4190D7521A854164000CD7F0 /* tic tac snow */,
				4190D76C1A854164000CD7F0 /* tic tac snowTests */,
				4190D7511A854164000CD7F0 /* Products */,
			);
			sourceTree = "<group>";
		};
		4190D7511A854164000CD7F0 /* Products */ = {
			isa = PBXGroup;
			children = (
				4190D7501A854164000CD7F0 /* tic tac snow.app */,
				4190D7691A854164000CD7F0 /* tic tac snowTests.xctest */,
			);
			name = Products;
			sourceTree = "<group>";
		};
		4190D7521A854164000CD7F0 /* tic tac snow */ = {
			isa = PBXGroup;
			children = (
				4190D7571A854164000CD7F0 /* AppDelegate.h */,
				4190D7581A854164000CD7F0 /* AppDelegate.m */,
				4190D75A1A854164000CD7F0 /* ViewController.h */,
				4190D75B1A854164000CD7F0 /* ViewController.m */,
				411054981A85FDF30092DCBD /* XandOimage.h */,
				411054991A85FDF30092DCBD /* XandOimage.m */,
				411054921A85C6DA0092DCBD /* GameInfo.h */,
				411054931A85C6DA0092DCBD /* GameInfo.m */,
				411054951A85C7280092DCBD /* DrawLine.h */,
				411054961A85C7280092DCBD /* DrawLine.m */,
				4190D75D1A854164000CD7F0 /* Main.storyboard */,
				4190D7601A854164000CD7F0 /* Images.xcassets */,
				4190D7621A854164000CD7F0 /* LaunchScreen.xib */,
				4190D7531A854164000CD7F0 /* Supporting Files */,
			);
			path = "tic tac snow";
			sourceTree = "<group>";
		};
		4190D7531A854164000CD7F0 /* Supporting Files */ = {
			isa = PBXGroup;
			children = (
				411054A31A868FD80092DCBD /* begin_drag.wav */,
				411054A41A868FD80092DCBD /* fit_in.wav */,
				411054A51A868FD80092DCBD /* full.wav */,
				411054A61A868FD80092DCBD /* win.wav */,
				4190D77B1A855014000CD7F0 /* circle.png */,
				4190D77D1A855023000CD7F0 /* X.png */,
				4190D7541A854164000CD7F0 /* Info.plist */,
				4190D7551A854164000CD7F0 /* main.m */,
			);
			name = "Supporting Files";
			sourceTree = "<group>";
		};
		4190D76C1A854164000CD7F0 /* tic tac snowTests */ = {
			isa = PBXGroup;
			children = (
				4190D76F1A854164000CD7F0 /* tic_tac_snowTests.m */,
				4190D76D1A854164000CD7F0 /* Supporting Files */,
			);
			path = "tic tac snowTests";
			sourceTree = "<group>";
		};
		4190D76D1A854164000CD7F0 /* Supporting Files */ = {
			isa = PBXGroup;
			children = (
				4190D76E1A854164000CD7F0 /* Info.plist */,
			);
			name = "Supporting Files";
			sourceTree = "<group>";
		};
/* End PBXGroup section */

/* Begin PBXNativeTarget section */
		4190D74F1A854164000CD7F0 /* tic tac snow */ = {
			isa = PBXNativeTarget;
			buildConfigurationList = 4190D7731A854164000CD7F0 /* Build configuration list for PBXNativeTarget "tic tac snow" */;
			buildPhases = (
				4190D74C1A854164000CD7F0 /* Sources */,
				4190D74D1A854164000CD7F0 /* Frameworks */,
				4190D74E1A854164000CD7F0 /* Resources */,
			);
			buildRules = (
			);
			dependencies = (
			);
			name = "tic tac snow";
			productName = "tic tac snow";
			productReference = 4190D7501A854164000CD7F0 /* tic tac snow.app */;
			productType = "com.apple.product-type.application";
		};
		4190D7681A854164000CD7F0 /* tic tac snowTests */ = {
			isa = PBXNativeTarget;
			buildConfigurationList = 4190D7761A854164000CD7F0 /* Build configuration list for PBXNativeTarget "tic tac snowTests" */;
			buildPhases = (
				4190D7651A854164000CD7F0 /* Sources */,
				4190D7661A854164000CD7F0 /* Frameworks */,
				4190D7671A854164000CD7F0 /* Resources */,
			);
			buildRules = (
			);
			dependencies = (
				4190D76B1A854164000CD7F0 /* PBXTargetDependency */,
			);
			name = "tic tac snowTests";
			productName = "tic tac snowTests";
			productReference = 4190D7691A854164000CD7F0 /* tic tac snowTests.xctest */;
			productType = "com.apple.product-type.bundle.unit-test";
		};
/* End PBXNativeTarget section */

/* Begin PBXProject section */
		4190D7481A854164000CD7F0 /* Project object */ = {
			isa = PBXProject;
			attributes = {
				LastUpgradeCheck = 0610;
				ORGANIZATIONNAME = "Lingduo Kong";
				TargetAttributes = {
					4190D74F1A854164000CD7F0 = {
						CreatedOnToolsVersion = 6.1.1;
					};
					4190D7681A854164000CD7F0 = {
						CreatedOnToolsVersion = 6.1.1;
						TestTargetID = 4190D74F1A854164000CD7F0;
					};
				};
			};
			buildConfigurationList = 4190D74B1A854164000CD7F0 /* Build configuration list for PBXProject "tic tac snow" */;
			compatibilityVersion = "Xcode 3.2";
			developmentRegion = English;
			hasScannedForEncodings = 0;
			knownRegions = (
				en,
				Base,
			);
			mainGroup = 4190D7471A854164000CD7F0;
			productRefGroup = 4190D7511A854164000CD7F0 /* Products */;
			projectDirPath = "";
			projectRoot = "";
			targets = (
				4190D74F1A854164000CD7F0 /* tic tac snow */,
				4190D7681A854164000CD7F0 /* tic tac snowTests */,
			);
		};
/* End PBXProject section */

/* Begin PBXResourcesBuildPhase section */
		4190D74E1A854164000CD7F0 /* Resources */ = {
			isa = PBXResourcesBuildPhase;
			buildActionMask = 2147483647;
			files = (
				4190D77E1A855023000CD7F0 /* X.png in Resources */,
				411054A81A868FD80092DCBD /* fit_in.wav in Resources */,
				4190D75F1A854164000CD7F0 /* Main.storyboard in Resources */,
				4190D7641A854164000CD7F0 /* LaunchScreen.xib in Resources */,
				4190D77C1A855014000CD7F0 /* circle.png in Resources */,
				411054A71A868FD80092DCBD /* begin_drag.wav in Resources */,
				411054AA1A868FD80092DCBD /* win.wav in Resources */,
				4190D7611A854164000CD7F0 /* Images.xcassets in Resources */,
				411054A91A868FD80092DCBD /* full.wav in Resources */,
			);
			runOnlyForDeploymentPostprocessing = 0;
		};
		4190D7671A854164000CD7F0 /* Resources */ = {
			isa = PBXResourcesBuildPhase;
			buildActionMask = 2147483647;
			files = (
			);
			runOnlyForDeploymentPostprocessing = 0;
		};
/* End PBXResourcesBuildPhase section */

/* Begin PBXSourcesBuildPhase section */
		4190D74C1A854164000CD7F0 /* Sources */ = {
			isa = PBXSourcesBuildPhase;
			buildActionMask = 2147483647;
			files = (
				4190D75C1A854164000CD7F0 /* ViewController.m in Sources */,
				4190D7591A854164000CD7F0 /* AppDelegate.m in Sources */,
				4190D7561A854164000CD7F0 /* main.m in Sources */,
				411054941A85C6DA0092DCBD /* GameInfo.m in Sources */,
				4110549A1A85FDF30092DCBD /* XandOimage.m in Sources */,
				411054971A85C7280092DCBD /* DrawLine.m in Sources */,
			);
			runOnlyForDeploymentPostprocessing = 0;
		};
		4190D7651A854164000CD7F0 /* Sources */ = {
			isa = PBXSourcesBuildPhase;
			buildActionMask = 2147483647;
			files = (
				4190D7701A854164000CD7F0 /* tic_tac_snowTests.m in Sources */,
			);
			runOnlyForDeploymentPostprocessing = 0;
		};
/* End PBXSourcesBuildPhase section */

/* Begin PBXTargetDependency section */
		4190D76B1A854164000CD7F0 /* PBXTargetDependency */ = {
			isa = PBXTargetDependency;
			target = 4190D74F1A854164000CD7F0 /* tic tac snow */;
			targetProxy = 4190D76A1A854164000CD7F0 /* PBXContainerItemProxy */;
		};
/* End PBXTargetDependency section */

/* Begin PBXVariantGroup section */
		4190D75D1A854164000CD7F0 /* Main.storyboard */ = {
			isa = PBXVariantGroup;
			children = (
				4190D75E1A854164000CD7F0 /* Base */,
			);
			name = Main.storyboard;
			sourceTree = "<group>";
		};
		4190D7621A854164000CD7F0 /* LaunchScreen.xib */ = {
			isa = PBXVariantGroup;
			children = (
				4190D7631A854164000CD7F0 /* Base */,
			);
			name = LaunchScreen.xib;
			sourceTree = "<group>";
		};
/* End PBXVariantGroup section */

/* Begin XCBuildConfiguration section */
		4190D7711A854164000CD7F0 /* Debug */ = {
			isa = XCBuildConfiguration;
			buildSettings = {
				ALWAYS_SEARCH_USER_PATHS = NO;
				CLANG_CXX_LANGUAGE_STANDARD = "gnu++0x";
				CLANG_CXX_LIBRARY = "libc++";
				CLANG_ENABLE_MODULES = YES;
				CLANG_ENABLE_OBJC_ARC = YES;
				CLANG_WARN_BOOL_CONVERSION = YES;
				CLANG_WARN_CONSTANT_CONVERSION = YES;
				CLANG_WARN_DIRECT_OBJC_ISA_USAGE = YES_ERROR;
				CLANG_WARN_EMPTY_BODY = YES;
				CLANG_WARN_ENUM_CONVERSION = YES;
				CLANG_WARN_INT_CONVERSION = YES;
				CLANG_WARN_OBJC_ROOT_CLASS = YES_ERROR;
				CLANG_WARN_UNREACHABLE_CODE = YES;
				CLANG_WARN__DUPLICATE_METHOD_MATCH = YES;
				"CODE_SIGN_IDENTITY[sdk=iphoneos*]" = "iPhone Developer";
				COPY_PHASE_STRIP = NO;
				ENABLE_STRICT_OBJC_MSGSEND = YES;
				GCC_C_LANGUAGE_STANDARD = gnu99;
				GCC_DYNAMIC_NO_PIC = NO;
				GCC_OPTIMIZATION_LEVEL = 0;
				GCC_PREPROCESSOR_DEFINITIONS = (
					"DEBUG=1",
					"$(inherited)",
				);
				GCC_SYMBOLS_PRIVATE_EXTERN = NO;
				GCC_WARN_64_TO_32_BIT_CONVERSION = YES;
				GCC_WARN_ABOUT_RETURN_TYPE = YES_ERROR;
				GCC_WARN_UNDECLARED_SELECTOR = YES;
				GCC_WARN_UNINITIALIZED_AUTOS = YES_AGGRESSIVE;
				GCC_WARN_UNUSED_FUNCTION = YES;
				GCC_WARN_UNUSED_VARIABLE = YES;
				IPHONEOS_DEPLOYMENT_TARGET = 8.1;
				MTL_ENABLE_DEBUG_INFO = YES;
				ONLY_ACTIVE_ARCH = YES;
				SDKROOT = iphoneos;
				TARGETED_DEVICE_FAMILY = "1,2";
			};
			name = Debug;
		};
		4190D7721A854164000CD7F0 /* Release */ = {
			isa = XCBuildConfiguration;
			buildSettings = {
				ALWAYS_SEARCH_USER_PATHS = NO;
				CLANG_CXX_LANGUAGE_STANDARD = "gnu++0x";
				CLANG_CXX_LIBRARY = "libc++";
				CLANG_ENABLE_MODULES = YES;
				CLANG_ENABLE_OBJC_ARC = YES;
				CLANG_WARN_BOOL_CONVERSION = YES;
				CLANG_WARN_CONSTANT_CONVERSION = YES;
				CLANG_WARN_DIRECT_OBJC_ISA_USAGE = YES_ERROR;
				CLANG_WARN_EMPTY_BODY = YES;
				CLANG_WARN_ENUM_CONVERSION = YES;
				CLANG_WARN_INT_CONVERSION = YES;
				CLANG_WARN_OBJC_ROOT_CLASS = YES_ERROR;
				CLANG_WARN_UNREACHABLE_CODE = YES;
				CLANG_WARN__DUPLICATE_METHOD_MATCH = YES;
				"CODE_SIGN_IDENTITY[sdk=iphoneos*]" = "iPhone Developer";
				COPY_PHASE_STRIP = YES;
				ENABLE_NS_ASSERTIONS = NO;
				ENABLE_STRICT_OBJC_MSGSEND = YES;
				GCC_C_LANGUAGE_STANDARD = gnu99;
				GCC_WARN_64_TO_32_BIT_CONVERSION = YES;
				GCC_WARN_ABOUT_RETURN_TYPE = YES_ERROR;
				GCC_WARN_UNDECLARED_SELECTOR = YES;
				GCC_WARN_UNINITIALIZED_AUTOS = YES_AGGRESSIVE;
				GCC_WARN_UNUSED_FUNCTION = YES;
				GCC_WARN_UNUSED_VARIABLE = YES;
				IPHONEOS_DEPLOYMENT_TARGET = 8.1;
				MTL_ENABLE_DEBUG_INFO = NO;
				SDKROOT = iphoneos;
				TARGETED_DEVICE_FAMILY = "1,2";
				VALIDATE_PRODUCT = YES;
			};
			name = Release;
		};
		4190D7741A854164000CD7F0 /* Debug */ = {
			isa = XCBuildConfiguration;
			buildSettings = {
				ASSETCATALOG_COMPILER_APPICON_NAME = AppIcon;
				INFOPLIST_FILE = "tic tac snow/Info.plist";
				LD_RUNPATH_SEARCH_PATHS = "$(inherited) @executable_path/Frameworks";
				PRODUCT_NAME = "$(TARGET_NAME)";
			};
			name = Debug;
		};
		4190D7751A854164000CD7F0 /* Release */ = {
			isa = XCBuildConfiguration;
			buildSettings = {
				ASSETCATALOG_COMPILER_APPICON_NAME = AppIcon;
				INFOPLIST_FILE = "tic tac snow/Info.plist";
				LD_RUNPATH_SEARCH_PATHS = "$(inherited) @executable_path/Frameworks";
				PRODUCT_NAME = "$(TARGET_NAME)";
			};
			name = Release;
		};
		4190D7771A854164000CD7F0 /* Debug */ = {
			isa = XCBuildConfiguration;
			buildSettings = {
				BUNDLE_LOADER = "$(TEST_HOST)";
				FRAMEWORK_SEARCH_PATHS = (
					"$(SDKROOT)/Developer/Library/Frameworks",
					"$(inherited)",
				);
				GCC_PREPROCESSOR_DEFINITIONS = (
					"DEBUG=1",
					"$(inherited)",
				);
				INFOPLIST_FILE = "tic tac snowTests/Info.plist";
				LD_RUNPATH_SEARCH_PATHS = "$(inherited) @executable_path/Frameworks @loader_path/Frameworks";
				PRODUCT_NAME = "$(TARGET_NAME)";
				TEST_HOST = "$(BUILT_PRODUCTS_DIR)/tic tac snow.app/tic tac snow";
			};
			name = Debug;
		};
		4190D7781A854164000CD7F0 /* Release */ = {
			isa = XCBuildConfiguration;
			buildSettings = {
				BUNDLE_LOADER = "$(TEST_HOST)";
				FRAMEWORK_SEARCH_PATHS = (
					"$(SDKROOT)/Developer/Library/Frameworks",
					"$(inherited)",
				);
				INFOPLIST_FILE = "tic tac snowTests/Info.plist";
				LD_RUNPATH_SEARCH_PATHS = "$(inherited) @executable_path/Frameworks @loader_path/Frameworks";
				PRODUCT_NAME = "$(TARGET_NAME)";
				TEST_HOST = "$(BUILT_PRODUCTS_DIR)/tic tac snow.app/tic tac snow";
			};
			name = Release;
		};
/* End XCBuildConfiguration section */

/* Begin XCConfigurationList section */
		4190D74B1A854164000CD7F0 /* Build configuration list for PBXProject "tic tac snow" */ = {
			isa = XCConfigurationList;
			buildConfigurations = (
				4190D7711A854164000CD7F0 /* Debug */,
				4190D7721A854164000CD7F0 /* Release */,
			);
			defaultConfigurationIsVisible = 0;
			defaultConfigurationName = Release;
		};
		4190D7731A854164000CD7F0 /* Build configuration list for PBXNativeTarget "tic tac snow" */ = {
			isa = XCConfigurationList;
			buildConfigurations = (
				4190D7741A854164000CD7F0 /* Debug */,
				4190D7751A854164000CD7F0 /* Release */,
			);
			defaultConfigurationIsVisible = 0;
			defaultConfigurationName = Release;
		};
		4190D7761A854164000CD7F0 /* Build configuration list for PBXNativeTarget "tic tac snowTests" */ = {
			isa = XCConfigurationList;
			buildConfigurations = (
				4190D7771A854164000CD7F0 /* Debug */,
				4190D7781A854164000CD7F0 /* Release */,
			);
			defaultConfigurationIsVisible = 0;
			defaultConfigurationName = Release;
		};
/* End XCConfigurationList section */
	};
	rootObject = 4190D7481A854164000CD7F0 /* Project object */;
}
